
Microsoft Visual Studio Solution File, Format Version 12.00
# Visual Studio 15
VisualStudioVersion = 15.0.27428.2015
MinimumVisualStudioVersion = 10.0.40219.1
Project("{FAE04EC0-301F-11D3-BF4B-00C04F79EFBC}") = "Cheapdrinks.Web", "Cheapdrinks.Web\Cheapdrinks.Web.csproj", "{F146D135-EC4A-4919-9097-73FFF0DE145B}"
EndProject
Project("{FAE04EC0-301F-11D3-BF4B-00C04F79EFBC}") = "Cheapdrinks.Web.Extensions", "Cheapdrinks.Web.Extensions\Cheapdrinks.Web.Extensions.csproj", "{3A778EC4-AD74-4FF2-95CC-72D880306676}"
EndProject
Global
	GlobalSection(SolutionConfigurationPlatforms) = preSolution
		Debug|Any CPU = Debug|Any CPU
		Release|Any CPU = Release|Any CPU
	EndGlobalSection
	GlobalSection(ProjectConfigurationPlatforms) = postSolution
		{F146D135-EC4A-4919-9097-73FFF0DE145B}.Debug|Any CPU.ActiveCfg = Debug|Any CPU
		{F146D135-EC4A-4919-9097-73FFF0DE145B}.Debug|Any CPU.Build.0 = Debug|Any CPU
		{F146D135-EC4A-4919-9097-73FFF0DE145B}.Release|Any CPU.ActiveCfg = Release|Any CPU
		{F146D135-EC4A-4919-9097-73FFF0DE145B}.Release|Any CPU.Build.0 = Release|Any CPU
		{3A778EC4-AD74-4FF2-95CC-72D880306676}.Debug|Any CPU.ActiveCfg = Debug|Any CPU
		{3A778EC4-AD74-4FF2-95CC-72D880306676}.Debug|Any CPU.Build.0 = Debug|Any CPU
		{3A778EC4-AD74-4FF2-95CC-72D880306676}.Release|Any CPU.ActiveCfg = Release|Any CPU
		{3A778EC4-AD74-4FF2-95CC-72D880306676}.Release|Any CPU.Build.0 = Release|Any CPU
	EndGlobalSection
	GlobalSection(SolutionProperties) = preSolution
		HideSolutionNode = FALSE
	EndGlobalSection
	GlobalSection(ExtensibilityGlobals) = postSolution
		SolutionGuid = {C6D89FE0-1DCB-4F1B-9D88-C6779A6535EA}
	EndGlobalSection
EndGlobal
